
Microsoft Visual Studio Solution File, Format Version 12.00
# Visual Studio Version 16
VisualStudioVersion = 16.0.31129.286
MinimumVisualStudioVersion = 10.0.40219.1
Project("{9A19103F-16F7-4668-BE54-9A1E7A4F7556}") = "TelegramGasBot", "TelegramGasBot\TelegramGasBot.csproj", "{4EB86648-46A4-411A-B8F9-02EED44F9C0A}"
EndProject
Project("{FAE04EC0-301F-11D3-BF4B-00C04F79EFBC}") = "GasApi", "GasApi\GasApi.csproj", "{9C3A2EEF-845C-4090-80D0-D3AF54A36731}"
EndProject
Global
	GlobalSection(SolutionConfigurationPlatforms) = preSolution
		Debug|Any CPU = Debug|Any CPU
		Release|Any CPU = Release|Any CPU
	EndGlobalSection
	GlobalSection(ProjectConfigurationPlatforms) = postSolution
		{4EB86648-46A4-411A-B8F9-02EED44F9C0A}.Debug|Any CPU.ActiveCfg = Debug|Any CPU
		{4EB86648-46A4-411A-B8F9-02EED44F9C0A}.Debug|Any CPU.Build.0 = Debug|Any CPU
		{4EB86648-46A4-411A-B8F9-02EED44F9C0A}.Release|Any CPU.ActiveCfg = Release|Any CPU
		{4EB86648-46A4-411A-B8F9-02EED44F9C0A}.Release|Any CPU.Build.0 = Release|Any CPU
		{9C3A2EEF-845C-4090-80D0-D3AF54A36731}.Debug|Any CPU.ActiveCfg = Debug|Any CPU
		{9C3A2EEF-845C-4090-80D0-D3AF54A36731}.Debug|Any CPU.Build.0 = Debug|Any CPU
		{9C3A2EEF-845C-4090-80D0-D3AF54A36731}.Release|Any CPU.ActiveCfg = Release|Any CPU
		{9C3A2EEF-845C-4090-80D0-D3AF54A36731}.Release|Any CPU.Build.0 = Release|Any CPU
	EndGlobalSection
	GlobalSection(SolutionProperties) = preSolution
		HideSolutionNode = FALSE
	EndGlobalSection
	GlobalSection(ExtensibilityGlobals) = postSolution
		SolutionGuid = {C93BD464-789E-43D3-A6DB-5D8C92026E65}
	EndGlobalSection
EndGlobal
